
Microsoft Visual Studio Solution File, Format Version 12.00
# Visual Studio Version 17
VisualStudioVersion = 17.5.33502.453
MinimumVisualStudioVersion = 10.0.40219.1
Project("{FAE04EC0-301F-11D3-BF4B-00C04F79EFBC}") = "WindowsFormsApp1", "WindowsFormsApp1\WindowsFormsApp1.csproj", "{C2BF4975-1F05-43C6-8017-29124BA0395F}"
EndProject
Global
	GlobalSection(SolutionConfigurationPlatforms) = preSolution
		Debug|Any CPU = Debug|Any CPU
		Release|Any CPU = Release|Any CPU
	EndGlobalSection
	GlobalSection(ProjectConfigurationPlatforms) = postSolution
		{C2BF4975-1F05-43C6-8017-29124BA0395F}.Debug|Any CPU.ActiveCfg = Debug|Any CPU
		{C2BF4975-1F05-43C6-8017-29124BA0395F}.Debug|Any CPU.Build.0 = Debug|Any CPU
		{C2BF4975-1F05-43C6-8017-29124BA0395F}.Release|Any CPU.ActiveCfg = Release|Any CPU
		{C2BF4975-1F05-43C6-8017-29124BA0395F}.Release|Any CPU.Build.0 = Release|Any CPU
	EndGlobalSection
	GlobalSection(SolutionProperties) = preSolution
		HideSolutionNode = FALSE
	EndGlobalSection
	GlobalSection(ExtensibilityGlobals) = postSolution
		SolutionGuid = {2096D6A1-61EB-44AD-B161-BABE27C609C9}
	EndGlobalSection
EndGlobal
